// !$*UTF8*$!
{
	archiveVersion = 1;
	classes = {
	};
	objectVersion = 51;
	objects = {

/* Begin PBXBuildFile section */
		5DC8793F24C62551009A4C16 /* LoginViewController.swift in Sources */ = {isa = PBXBuildFile; fileRef = 5DC8793E24C62551009A4C16 /* LoginViewController.swift */; };
		5DC8794124C62564009A4C16 /* SignupViewController.swift in Sources */ = {isa = PBXBuildFile; fileRef = 5DC8794024C62564009A4C16 /* SignupViewController.swift */; };
		5DC8794324C62A47009A4C16 /* LoginOptionsViewController.swift in Sources */ = {isa = PBXBuildFile; fileRef = 5DC8794224C62A47009A4C16 /* LoginOptionsViewController.swift */; };
		5DC8794524C63AFA009A4C16 /* LoginSignupContainerViewController.swift in Sources */ = {isa = PBXBuildFile; fileRef = 5DC8794424C63AFA009A4C16 /* LoginSignupContainerViewController.swift */; };
		5DC8794824C6C06C009A4C16 /* Utilities.swift in Sources */ = {isa = PBXBuildFile; fileRef = 5DC8794724C6C06C009A4C16 /* Utilities.swift */; };
		B697C10A24BF35D5006CE63E /* AppDelegate.swift in Sources */ = {isa = PBXBuildFile; fileRef = B697C10924BF35D5006CE63E /* AppDelegate.swift */; };
		B697C11124BF35D5006CE63E /* Main.storyboard in Resources */ = {isa = PBXBuildFile; fileRef = B697C10F24BF35D5006CE63E /* Main.storyboard */; };
		B697C11324BF35D8006CE63E /* Assets.xcassets in Resources */ = {isa = PBXBuildFile; fileRef = B697C11224BF35D8006CE63E /* Assets.xcassets */; };
		B697C11624BF35D8006CE63E /* LaunchScreen.storyboard in Resources */ = {isa = PBXBuildFile; fileRef = B697C11424BF35D8006CE63E /* LaunchScreen.storyboard */; };
		B697C12424C1B4F7006CE63E /* MessageVC.swift in Sources */ = {isa = PBXBuildFile; fileRef = B697C12324C1B4F7006CE63E /* MessageVC.swift */; };
		B697C12824C1B873006CE63E /* Message.swift in Sources */ = {isa = PBXBuildFile; fileRef = B697C12724C1B873006CE63E /* Message.swift */; };
		B697C12C24C1BCBB006CE63E /* MessageCellTableViewCell.swift in Sources */ = {isa = PBXBuildFile; fileRef = B697C12A24C1BCBB006CE63E /* MessageCellTableViewCell.swift */; };
		B697C12D24C1BCBB006CE63E /* MessageCellTableViewCell.xib in Resources */ = {isa = PBXBuildFile; fileRef = B697C12B24C1BCBB006CE63E /* MessageCellTableViewCell.xib */; };
		B697C15524C1C976006CE63E /* SceneDelegate.swift in Sources */ = {isa = PBXBuildFile; fileRef = B697C15424C1C976006CE63E /* SceneDelegate.swift */; };
		B697C15724C2E470006CE63E /* ChatVC.swift in Sources */ = {isa = PBXBuildFile; fileRef = B697C15624C2E470006CE63E /* ChatVC.swift */; };
		B697C15924C2E5D5006CE63E /* chatModel.swift in Sources */ = {isa = PBXBuildFile; fileRef = B697C15824C2E5D5006CE63E /* chatModel.swift */; };
		CC0D1CB46B585A1986D9AF1D /* Pods_ZomallApp.framework in Frameworks */ = {isa = PBXBuildFile; fileRef = DD054A8FB4FC06099A42666E /* Pods_ZomallApp.framework */; };
/* End PBXBuildFile section */

/* Begin PBXFileReference section */
		5DC8793E24C62551009A4C16 /* LoginViewController.swift */ = {isa = PBXFileReference; lastKnownFileType = sourcecode.swift; path = LoginViewController.swift; sourceTree = "<group>"; };
		5DC8794024C62564009A4C16 /* SignupViewController.swift */ = {isa = PBXFileReference; lastKnownFileType = sourcecode.swift; path = SignupViewController.swift; sourceTree = "<group>"; };
		5DC8794224C62A47009A4C16 /* LoginOptionsViewController.swift */ = {isa = PBXFileReference; lastKnownFileType = sourcecode.swift; path = LoginOptionsViewController.swift; sourceTree = "<group>"; };
		5DC8794424C63AFA009A4C16 /* LoginSignupContainerViewController.swift */ = {isa = PBXFileReference; lastKnownFileType = sourcecode.swift; path = LoginSignupContainerViewController.swift; sourceTree = "<group>"; };
		5DC8794724C6C06C009A4C16 /* Utilities.swift */ = {isa = PBXFileReference; lastKnownFileType = sourcecode.swift; path = Utilities.swift; sourceTree = "<group>"; };
		9B732FB065FDFDD0AFC1B84E /* Pods-ZomallApp.debug.xcconfig */ = {isa = PBXFileReference; includeInIndex = 1; lastKnownFileType = text.xcconfig; name = "Pods-ZomallApp.debug.xcconfig"; path = "Target Support Files/Pods-ZomallApp/Pods-ZomallApp.debug.xcconfig"; sourceTree = "<group>"; };
		AA585ABFDC9319544B72A6E5 /* Pods-ZomallApp.release.xcconfig */ = {isa = PBXFileReference; includeInIndex = 1; lastKnownFileType = text.xcconfig; name = "Pods-ZomallApp.release.xcconfig"; path = "Target Support Files/Pods-ZomallApp/Pods-ZomallApp.release.xcconfig"; sourceTree = "<group>"; };
		B697C10624BF35D5006CE63E /* ZomallApp.app */ = {isa = PBXFileReference; explicitFileType = wrapper.application; includeInIndex = 0; path = ZomallApp.app; sourceTree = BUILT_PRODUCTS_DIR; };
		B697C10924BF35D5006CE63E /* AppDelegate.swift */ = {isa = PBXFileReference; lastKnownFileType = sourcecode.swift; path = AppDelegate.swift; sourceTree = "<group>"; };
		B697C11024BF35D5006CE63E /* Base */ = {isa = PBXFileReference; lastKnownFileType = file.storyboard; name = Base; path = Base.lproj/Main.storyboard; sourceTree = "<group>"; };
		B697C11224BF35D8006CE63E /* Assets.xcassets */ = {isa = PBXFileReference; lastKnownFileType = folder.assetcatalog; path = Assets.xcassets; sourceTree = "<group>"; };
		B697C11524BF35D8006CE63E /* Base */ = {isa = PBXFileReference; lastKnownFileType = file.storyboard; name = Base; path = Base.lproj/LaunchScreen.storyboard; sourceTree = "<group>"; };
		B697C11724BF35D8006CE63E /* Info.plist */ = {isa = PBXFileReference; lastKnownFileType = text.plist.xml; path = Info.plist; sourceTree = "<group>"; };
		B697C12324C1B4F7006CE63E /* MessageVC.swift */ = {isa = PBXFileReference; lastKnownFileType = sourcecode.swift; path = MessageVC.swift; sourceTree = "<group>"; };
		B697C12724C1B873006CE63E /* Message.swift */ = {isa = PBXFileReference; lastKnownFileType = sourcecode.swift; path = Message.swift; sourceTree = "<group>"; };
		B697C12A24C1BCBB006CE63E /* MessageCellTableViewCell.swift */ = {isa = PBXFileReference; lastKnownFileType = sourcecode.swift; path = MessageCellTableViewCell.swift; sourceTree = "<group>"; };
		B697C12B24C1BCBB006CE63E /* MessageCellTableViewCell.xib */ = {isa = PBXFileReference; lastKnownFileType = file.xib; path = MessageCellTableViewCell.xib; sourceTree = "<group>"; };
		B697C15424C1C976006CE63E /* SceneDelegate.swift */ = {isa = PBXFileReference; lastKnownFileType = sourcecode.swift; path = SceneDelegate.swift; sourceTree = "<group>"; };
		B697C15624C2E470006CE63E /* ChatVC.swift */ = {isa = PBXFileReference; lastKnownFileType = sourcecode.swift; path = ChatVC.swift; sourceTree = "<group>"; };
		B697C15824C2E5D5006CE63E /* chatModel.swift */ = {isa = PBXFileReference; lastKnownFileType = sourcecode.swift; path = chatModel.swift; sourceTree = "<group>"; };
		DD054A8FB4FC06099A42666E /* Pods_ZomallApp.framework */ = {isa = PBXFileReference; explicitFileType = wrapper.framework; includeInIndex = 0; path = Pods_ZomallApp.framework; sourceTree = BUILT_PRODUCTS_DIR; };
/* End PBXFileReference section */

/* Begin PBXFrameworksBuildPhase section */
		B697C10324BF35D5006CE63E /* Frameworks */ = {
			isa = PBXFrameworksBuildPhase;
			buildActionMask = 2147483647;
			files = (
				CC0D1CB46B585A1986D9AF1D /* Pods_ZomallApp.framework in Frameworks */,
			);
			runOnlyForDeploymentPostprocessing = 0;
		};
/* End PBXFrameworksBuildPhase section */

/* Begin PBXGroup section */
		5DC8794624C6C057009A4C16 /* Utilities */ = {
			isa = PBXGroup;
			children = (
				5DC8794724C6C06C009A4C16 /* Utilities.swift */,
			);
			path = Utilities;
			sourceTree = "<group>";
		};
		B697C0FD24BF35D5006CE63E = {
			isa = PBXGroup;
			children = (
				5DC8794624C6C057009A4C16 /* Utilities */,
				B697C12624C1B506006CE63E /* Controller */,
				B697C12524C1B4FD006CE63E /* Model */,
				B697C10824BF35D5006CE63E /* ZomallApp */,
				B697C10724BF35D5006CE63E /* Products */,
				B697C12924C1BC99006CE63E /* View */,
				F4470A8EDB98F7558D24FD67 /* Pods */,
				FFF07FC2A878BAC0A82C381E /* Frameworks */,
			);
			sourceTree = "<group>";
		};
		B697C10724BF35D5006CE63E /* Products */ = {
			isa = PBXGroup;
			children = (
				B697C10624BF35D5006CE63E /* ZomallApp.app */,
			);
			name = Products;
			sourceTree = "<group>";
		};
		B697C10824BF35D5006CE63E /* ZomallApp */ = {
			isa = PBXGroup;
			children = (
				B697C10924BF35D5006CE63E /* AppDelegate.swift */,
				B697C15424C1C976006CE63E /* SceneDelegate.swift */,
				B697C11224BF35D8006CE63E /* Assets.xcassets */,
				B697C11424BF35D8006CE63E /* LaunchScreen.storyboard */,
				B697C11724BF35D8006CE63E /* Info.plist */,
			);
			path = ZomallApp;
			sourceTree = "<group>";
		};
		B697C12524C1B4FD006CE63E /* Model */ = {
			isa = PBXGroup;
			children = (
				B697C12724C1B873006CE63E /* Message.swift */,
				B697C15824C2E5D5006CE63E /* chatModel.swift */,
			);
			path = Model;
			sourceTree = "<group>";
		};
		B697C12624C1B506006CE63E /* Controller */ = {
			isa = PBXGroup;
			children = (
				B697C12324C1B4F7006CE63E /* MessageVC.swift */,
				B697C15624C2E470006CE63E /* ChatVC.swift */,
				5DC8793E24C62551009A4C16 /* LoginViewController.swift */,
				5DC8794024C62564009A4C16 /* SignupViewController.swift */,
				5DC8794224C62A47009A4C16 /* LoginOptionsViewController.swift */,
				5DC8794424C63AFA009A4C16 /* LoginSignupContainerViewController.swift */,
			);
			path = Controller;
			sourceTree = "<group>";
		};
		B697C12924C1BC99006CE63E /* View */ = {
			isa = PBXGroup;
			children = (
				B697C12A24C1BCBB006CE63E /* MessageCellTableViewCell.swift */,
				B697C12B24C1BCBB006CE63E /* MessageCellTableViewCell.xib */,
				B697C10F24BF35D5006CE63E /* Main.storyboard */,
			);
			path = View;
			sourceTree = "<group>";
		};
		F4470A8EDB98F7558D24FD67 /* Pods */ = {
			isa = PBXGroup;
			children = (
				9B732FB065FDFDD0AFC1B84E /* Pods-ZomallApp.debug.xcconfig */,
				AA585ABFDC9319544B72A6E5 /* Pods-ZomallApp.release.xcconfig */,
			);
			path = Pods;
			sourceTree = "<group>";
		};
		FFF07FC2A878BAC0A82C381E /* Frameworks */ = {
			isa = PBXGroup;
			children = (
				DD054A8FB4FC06099A42666E /* Pods_ZomallApp.framework */,
			);
			name = Frameworks;
			sourceTree = "<group>";
		};
/* End PBXGroup section */

/* Begin PBXNativeTarget section */
		B697C10524BF35D5006CE63E /* ZomallApp */ = {
			isa = PBXNativeTarget;
			buildConfigurationList = B697C11A24BF35D8006CE63E /* Build configuration list for PBXNativeTarget "ZomallApp" */;
			buildPhases = (
				09E0F51B059EC6D821387717 /* [CP] Check Pods Manifest.lock */,
				B697C10224BF35D5006CE63E /* Sources */,
				B697C10324BF35D5006CE63E /* Frameworks */,
				B697C10424BF35D5006CE63E /* Resources */,
				7FE64ED0A1E50BB3977BEAD6 /* [CP] Embed Pods Frameworks */,
			);
			buildRules = (
			);
			dependencies = (
			);
			name = ZomallApp;
			productName = ZomallApp;
			productReference = B697C10624BF35D5006CE63E /* ZomallApp.app */;
			productType = "com.apple.product-type.application";
		};
/* End PBXNativeTarget section */

/* Begin PBXProject section */
		B697C0FE24BF35D5006CE63E /* Project object */ = {
			isa = PBXProject;
			attributes = {
				LastSwiftUpdateCheck = 1130;
				LastUpgradeCheck = 1130;
				ORGANIZATIONNAME = Usman;
				TargetAttributes = {
					B697C10524BF35D5006CE63E = {
						CreatedOnToolsVersion = 11.3;
					};
				};
			};
			buildConfigurationList = B697C10124BF35D5006CE63E /* Build configuration list for PBXProject "ZomallApp" */;
			compatibilityVersion = "Xcode 9.3";
			developmentRegion = en;
			hasScannedForEncodings = 0;
			knownRegions = (
				en,
				Base,
			);
			mainGroup = B697C0FD24BF35D5006CE63E;
			productRefGroup = B697C10724BF35D5006CE63E /* Products */;
			projectDirPath = "";
			projectRoot = "";
			targets = (
				B697C10524BF35D5006CE63E /* ZomallApp */,
			);
		};
/* End PBXProject section */

/* Begin PBXResourcesBuildPhase section */
		B697C10424BF35D5006CE63E /* Resources */ = {
			isa = PBXResourcesBuildPhase;
			buildActionMask = 2147483647;
			files = (
				B697C11624BF35D8006CE63E /* LaunchScreen.storyboard in Resources */,
				B697C12D24C1BCBB006CE63E /* MessageCellTableViewCell.xib in Resources */,
				B697C11324BF35D8006CE63E /* Assets.xcassets in Resources */,
				B697C11124BF35D5006CE63E /* Main.storyboard in Resources */,
			);
			runOnlyForDeploymentPostprocessing = 0;
		};
/* End PBXResourcesBuildPhase section */

/* Begin PBXShellScriptBuildPhase section */
		09E0F51B059EC6D821387717 /* [CP] Check Pods Manifest.lock */ = {
			isa = PBXShellScriptBuildPhase;
			buildActionMask = 2147483647;
			files = (
			);
			inputFileListPaths = (
			);
			inputPaths = (
				"${PODS_PODFILE_DIR_PATH}/Podfile.lock",
				"${PODS_ROOT}/Manifest.lock",
			);
			name = "[CP] Check Pods Manifest.lock";
			outputFileListPaths = (
			);
			outputPaths = (
				"$(DERIVED_FILE_DIR)/Pods-ZomallApp-checkManifestLockResult.txt",
			);
			runOnlyForDeploymentPostprocessing = 0;
			shellPath = /bin/sh;
			shellScript = "diff \"${PODS_PODFILE_DIR_PATH}/Podfile.lock\" \"${PODS_ROOT}/Manifest.lock\" > /dev/null\nif [ $? != 0 ] ; then\n    # print error to STDERR\n    echo \"error: The sandbox is not in sync with the Podfile.lock. Run 'pod install' or update your CocoaPods installation.\" >&2\n    exit 1\nfi\n# This output is used by Xcode 'outputs' to avoid re-running this script phase.\necho \"SUCCESS\" > \"${SCRIPT_OUTPUT_FILE_0}\"\n";
			showEnvVarsInLog = 0;
		};
		7FE64ED0A1E50BB3977BEAD6 /* [CP] Embed Pods Frameworks */ = {
			isa = PBXShellScriptBuildPhase;
			buildActionMask = 2147483647;
			files = (
			);
			inputFileListPaths = (
				"${PODS_ROOT}/Target Support Files/Pods-ZomallApp/Pods-ZomallApp-frameworks-${CONFIGURATION}-input-files.xcfilelist",
			);
			name = "[CP] Embed Pods Frameworks";
			outputFileListPaths = (
				"${PODS_ROOT}/Target Support Files/Pods-ZomallApp/Pods-ZomallApp-frameworks-${CONFIGURATION}-output-files.xcfilelist",
			);
			runOnlyForDeploymentPostprocessing = 0;
			shellPath = /bin/sh;
			shellScript = "\"${PODS_ROOT}/Target Support Files/Pods-ZomallApp/Pods-ZomallApp-frameworks.sh\"\n";
			showEnvVarsInLog = 0;
		};
/* End PBXShellScriptBuildPhase section */

/* Begin PBXSourcesBuildPhase section */
		B697C10224BF35D5006CE63E /* Sources */ = {
			isa = PBXSourcesBuildPhase;
			buildActionMask = 2147483647;
			files = (
				5DC8794124C62564009A4C16 /* SignupViewController.swift in Sources */,
				B697C15724C2E470006CE63E /* ChatVC.swift in Sources */,
				B697C15524C1C976006CE63E /* SceneDelegate.swift in Sources */,
				B697C12424C1B4F7006CE63E /* MessageVC.swift in Sources */,
				5DC8794324C62A47009A4C16 /* LoginOptionsViewController.swift in Sources */,
				5DC8794524C63AFA009A4C16 /* LoginSignupContainerViewController.swift in Sources */,
				5DC8794824C6C06C009A4C16 /* Utilities.swift in Sources */,
				B697C12C24C1BCBB006CE63E /* MessageCellTableViewCell.swift in Sources */,
				5DC8793F24C62551009A4C16 /* LoginViewController.swift in Sources */,
				B697C15924C2E5D5006CE63E /* chatModel.swift in Sources */,
				B697C12824C1B873006CE63E /* Message.swift in Sources */,
				B697C10A24BF35D5006CE63E /* AppDelegate.swift in Sources */,
			);
			runOnlyForDeploymentPostprocessing = 0;
		};
/* End PBXSourcesBuildPhase section */

/* Begin PBXVariantGroup section */
		B697C10F24BF35D5006CE63E /* Main.storyboard */ = {
			isa = PBXVariantGroup;
			children = (
				B697C11024BF35D5006CE63E /* Base */,
			);
			name = Main.storyboard;
			sourceTree = "<group>";
		};
		B697C11424BF35D8006CE63E /* LaunchScreen.storyboard */ = {
			isa = PBXVariantGroup;
			children = (
				B697C11524BF35D8006CE63E /* Base */,
			);
			name = LaunchScreen.storyboard;
			sourceTree = "<group>";
		};
/* End PBXVariantGroup section */

/* Begin XCBuildConfiguration section */
		B697C11824BF35D8006CE63E /* Debug */ = {
			isa = XCBuildConfiguration;
			buildSettings = {
				ALWAYS_SEARCH_USER_PATHS = NO;
				CLANG_ANALYZER_NONNULL = YES;
				CLANG_ANALYZER_NUMBER_OBJECT_CONVERSION = YES_AGGRESSIVE;
				CLANG_CXX_LANGUAGE_STANDARD = "gnu++14";
				CLANG_CXX_LIBRARY = "libc++";
				CLANG_ENABLE_MODULES = YES;
				CLANG_ENABLE_OBJC_ARC = YES;
				CLANG_ENABLE_OBJC_WEAK = YES;
				CLANG_WARN_BLOCK_CAPTURE_AUTORELEASING = YES;
				CLANG_WARN_BOOL_CONVERSION = YES;
				CLANG_WARN_COMMA = YES;
				CLANG_WARN_CONSTANT_CONVERSION = YES;
				CLANG_WARN_DEPRECATED_OBJC_IMPLEMENTATIONS = YES;
				CLANG_WARN_DIRECT_OBJC_ISA_USAGE = YES_ERROR;
				CLANG_WARN_DOCUMENTATION_COMMENTS = YES;
				CLANG_WARN_EMPTY_BODY = YES;
				CLANG_WARN_ENUM_CONVERSION = YES;
				CLANG_WARN_INFINITE_RECURSION = YES;
				CLANG_WARN_INT_CONVERSION = YES;
				CLANG_WARN_NON_LITERAL_NULL_CONVERSION = YES;
				CLANG_WARN_OBJC_IMPLICIT_RETAIN_SELF = YES;
				CLANG_WARN_OBJC_LITERAL_CONVERSION = YES;
				CLANG_WARN_OBJC_ROOT_CLASS = YES_ERROR;
				CLANG_WARN_RANGE_LOOP_ANALYSIS = YES;
				CLANG_WARN_STRICT_PROTOTYPES = YES;
				CLANG_WARN_SUSPICIOUS_MOVE = YES;
				CLANG_WARN_UNGUARDED_AVAILABILITY = YES_AGGRESSIVE;
				CLANG_WARN_UNREACHABLE_CODE = YES;
				CLANG_WARN__DUPLICATE_METHOD_MATCH = YES;
				COPY_PHASE_STRIP = NO;
				DEBUG_INFORMATION_FORMAT = dwarf;
				ENABLE_STRICT_OBJC_MSGSEND = YES;
				ENABLE_TESTABILITY = YES;
				GCC_C_LANGUAGE_STANDARD = gnu11;
				GCC_DYNAMIC_NO_PIC = NO;
				GCC_NO_COMMON_BLOCKS = YES;
				GCC_OPTIMIZATION_LEVEL = 0;
				GCC_PREPROCESSOR_DEFINITIONS = (
					"DEBUG=1",
					"$(inherited)",
				);
				GCC_WARN_64_TO_32_BIT_CONVERSION = YES;
				GCC_WARN_ABOUT_RETURN_TYPE = YES_ERROR;
				GCC_WARN_UNDECLARED_SELECTOR = YES;
				GCC_WARN_UNINITIALIZED_AUTOS = YES_AGGRESSIVE;
				GCC_WARN_UNUSED_FUNCTION = YES;
				GCC_WARN_UNUSED_VARIABLE = YES;
				IPHONEOS_DEPLOYMENT_TARGET = 13.2;
				MTL_ENABLE_DEBUG_INFO = INCLUDE_SOURCE;
				MTL_FAST_MATH = YES;
				ONLY_ACTIVE_ARCH = YES;
				SDKROOT = iphoneos;
				SWIFT_ACTIVE_COMPILATION_CONDITIONS = DEBUG;
				SWIFT_OPTIMIZATION_LEVEL = "-Onone";
			};
			name = Debug;
		};
		B697C11924BF35D8006CE63E /* Release */ = {
			isa = XCBuildConfiguration;
			buildSettings = {
				ALWAYS_SEARCH_USER_PATHS = NO;
				CLANG_ANALYZER_NONNULL = YES;
				CLANG_ANALYZER_NUMBER_OBJECT_CONVERSION = YES_AGGRESSIVE;
				CLANG_CXX_LANGUAGE_STANDARD = "gnu++14";
				CLANG_CXX_LIBRARY = "libc++";
				CLANG_ENABLE_MODULES = YES;
				CLANG_ENABLE_OBJC_ARC = YES;
				CLANG_ENABLE_OBJC_WEAK = YES;
				CLANG_WARN_BLOCK_CAPTURE_AUTORELEASING = YES;
				CLANG_WARN_BOOL_CONVERSION = YES;
				CLANG_WARN_COMMA = YES;
				CLANG_WARN_CONSTANT_CONVERSION = YES;
				CLANG_WARN_DEPRECATED_OBJC_IMPLEMENTATIONS = YES;
				CLANG_WARN_DIRECT_OBJC_ISA_USAGE = YES_ERROR;
				CLANG_WARN_DOCUMENTATION_COMMENTS = YES;
				CLANG_WARN_EMPTY_BODY = YES;
				CLANG_WARN_ENUM_CONVERSION = YES;
				CLANG_WARN_INFINITE_RECURSION = YES;
				CLANG_WARN_INT_CONVERSION = YES;
				CLANG_WARN_NON_LITERAL_NULL_CONVERSION = YES;
				CLANG_WARN_OBJC_IMPLICIT_RETAIN_SELF = YES;
				CLANG_WARN_OBJC_LITERAL_CONVERSION = YES;
				CLANG_WARN_OBJC_ROOT_CLASS = YES_ERROR;
				CLANG_WARN_RANGE_LOOP_ANALYSIS = YES;
				CLANG_WARN_STRICT_PROTOTYPES = YES;
				CLANG_WARN_SUSPICIOUS_MOVE = YES;
				CLANG_WARN_UNGUARDED_AVAILABILITY = YES_AGGRESSIVE;
				CLANG_WARN_UNREACHABLE_CODE = YES;
				CLANG_WARN__DUPLICATE_METHOD_MATCH = YES;
				COPY_PHASE_STRIP = NO;
				DEBUG_INFORMATION_FORMAT = "dwarf-with-dsym";
				ENABLE_NS_ASSERTIONS = NO;
				ENABLE_STRICT_OBJC_MSGSEND = YES;
				GCC_C_LANGUAGE_STANDARD = gnu11;
				GCC_NO_COMMON_BLOCKS = YES;
				GCC_WARN_64_TO_32_BIT_CONVERSION = YES;
				GCC_WARN_ABOUT_RETURN_TYPE = YES_ERROR;
				GCC_WARN_UNDECLARED_SELECTOR = YES;
				GCC_WARN_UNINITIALIZED_AUTOS = YES_AGGRESSIVE;
				GCC_WARN_UNUSED_FUNCTION = YES;
				GCC_WARN_UNUSED_VARIABLE = YES;
				IPHONEOS_DEPLOYMENT_TARGET = 13.2;
				MTL_ENABLE_DEBUG_INFO = NO;
				MTL_FAST_MATH = YES;
				SDKROOT = iphoneos;
				SWIFT_COMPILATION_MODE = wholemodule;
				SWIFT_OPTIMIZATION_LEVEL = "-O";
				VALIDATE_PRODUCT = YES;
			};
			name = Release;
		};
		B697C11B24BF35D8006CE63E /* Debug */ = {
			isa = XCBuildConfiguration;
			baseConfigurationReference = 9B732FB065FDFDD0AFC1B84E /* Pods-ZomallApp.debug.xcconfig */;
			buildSettings = {
				ASSETCATALOG_COMPILER_APPICON_NAME = AppIcon;
				CODE_SIGN_STYLE = Automatic;
				DEVELOPMENT_TEAM = YF3LPP4P9P;
				INFOPLIST_FILE = ZomallApp/Info.plist;
				LD_RUNPATH_SEARCH_PATHS = (
					"$(inherited)",
					"@executable_path/Frameworks",
				);
				PRODUCT_BUNDLE_IDENTIFIER = COM.usman.ZomallApp;
				PRODUCT_NAME = "$(TARGET_NAME)";
				SWIFT_VERSION = 5.0;
				TARGETED_DEVICE_FAMILY = 1;
			};
			name = Debug;
		};
		B697C11C24BF35D8006CE63E /* Release */ = {
			isa = XCBuildConfiguration;
			baseConfigurationReference = AA585ABFDC9319544B72A6E5 /* Pods-ZomallApp.release.xcconfig */;
			buildSettings = {
				ASSETCATALOG_COMPILER_APPICON_NAME = AppIcon;
				CODE_SIGN_STYLE = Automatic;
				DEVELOPMENT_TEAM = YF3LPP4P9P;
				INFOPLIST_FILE = ZomallApp/Info.plist;
				LD_RUNPATH_SEARCH_PATHS = (
					"$(inherited)",
					"@executable_path/Frameworks",
				);
				PRODUCT_BUNDLE_IDENTIFIER = COM.usman.ZomallApp;
				PRODUCT_NAME = "$(TARGET_NAME)";
				SWIFT_VERSION = 5.0;
				TARGETED_DEVICE_FAMILY = 1;
			};
			name = Release;
		};
/* End XCBuildConfiguration section */

/* Begin XCConfigurationList section */
		B697C10124BF35D5006CE63E /* Build configuration list for PBXProject "ZomallApp" */ = {
			isa = XCConfigurationList;
			buildConfigurations = (
				B697C11824BF35D8006CE63E /* Debug */,
				B697C11924BF35D8006CE63E /* Release */,
			);
			defaultConfigurationIsVisible = 0;
			defaultConfigurationName = Release;
		};
		B697C11A24BF35D8006CE63E /* Build configuration list for PBXNativeTarget "ZomallApp" */ = {
			isa = XCConfigurationList;
			buildConfigurations = (
				B697C11B24BF35D8006CE63E /* Debug */,
				B697C11C24BF35D8006CE63E /* Release */,
			);
			defaultConfigurationIsVisible = 0;
			defaultConfigurationName = Release;
		};
/* End XCConfigurationList section */
	};
	rootObject = B697C0FE24BF35D5006CE63E /* Project object */;
}
